PODS:
  - audio_session (0.0.1):
    - Flutter
  - Flutter (1.0.0)
  - fluttertoast (0.0.2):
    - Flutter
    - Toast
  - FMDB (2.7.5):
    - FMDB/standard (= 2.7.5)
  - FMDB/standard (2.7.5)
  - just_audio (0.0.1):
    - Flutter
  - location (0.0.1):
    - Flutter
  - path_provider_ios (0.0.1):
    - Flutter
  - shared_preferences_ios (0.0.1):
    - Flutter
  - Smartech-iOS-SDK (3.2.8)
  - smartech_appinbox (1.0.0):
    - Flutter
    - Smartech-iOS-SDK
    - SmartechAppInbox-iOS-SDK
  - smartech_base (1.0.0):
    - Flutter
    - Smartech-iOS-SDK
  - smartech_push (1.0.0):
    - Flutter
    - SmartPush-iOS-SDK
  - SmartechAppInbox-iOS-SDK (3.2.4)
  - SmartPush-iOS-SDK (3.0.0)
  - sqflite (0.0.2):
    - Flutter
    - FMDB (>= 2.7.5)
  - Toast (4.0.0)
  - url_launcher_ios (0.0.1):
    - Flutter
  - video_player_avfoundation (0.0.1):
    - Flutter
  - wakelock (0.0.1):
    - Flutter
  - webview_flutter_wkwebview (0.0.1):
    - Flutter

DEPENDENCIES:
  - audio_session (from `.symlinks/plugins/audio_session/ios`)
  - Flutter (from `Flutter`)
  - fluttertoast (from `.symlinks/plugins/fluttertoast/ios`)
  - just_audio (from `.symlinks/plugins/just_audio/ios`)
  - location (from `.symlinks/plugins/location/ios`)
  - path_provider_ios (from `.symlinks/plugins/path_provider_ios/ios`)
  - shared_preferences_ios (from `.symlinks/plugins/shared_preferences_ios/ios`)
  - smartech_appinbox (from `.symlinks/plugins/smartech_appinbox/ios`)
  - smartech_base (from `.symlinks/plugins/smartech_base/ios`)
  - smartech_push (from `.symlinks/plugins/smartech_push/ios`)
  - SmartPush-iOS-SDK
  - sqflite (from `.symlinks/plugins/sqflite/ios`)
  - url_launcher_ios (from `.symlinks/plugins/url_launcher_ios/ios`)
  - video_player_avfoundation (from `.symlinks/plugins/video_player_avfoundation/ios`)
  - wakelock (from `.symlinks/plugins/wakelock/ios`)
  - webview_flutter_wkwebview (from `.symlinks/plugins/webview_flutter_wkwebview/ios`)

SPEC REPOS:
  trunk:
    - FMDB
    - Smartech-iOS-SDK
    - SmartechAppInbox-iOS-SDK
    - SmartPush-iOS-SDK
    - Toast

EXTERNAL SOURCES:
  audio_session:
    :path: ".symlinks/plugins/audio_session/ios"
  Flutter:
    :path: Flutter
  fluttertoast:
    :path: ".symlinks/plugins/fluttertoast/ios"
  just_audio:
    :path: ".symlinks/plugins/just_audio/ios"
  location:
    :path: ".symlinks/plugins/location/ios"
  path_provider_ios:
    :path: ".symlinks/plugins/path_provider_ios/ios"
  shared_preferences_ios:
    :path: ".symlinks/plugins/shared_preferences_ios/ios"
  smartech_appinbox:
    :path: ".symlinks/plugins/smartech_appinbox/ios"
  smartech_base:
    :path: ".symlinks/plugins/smartech_base/ios"
  smartech_push:
    :path: ".symlinks/plugins/smartech_push/ios"
  sqflite:
    :path: ".symlinks/plugins/sqflite/ios"
  url_launcher_ios:
    :path: ".symlinks/plugins/url_launcher_ios/ios"
  video_player_avfoundation:
    :path: ".symlinks/plugins/video_player_avfoundation/ios"
  wakelock:
    :path: ".symlinks/plugins/wakelock/ios"
  webview_flutter_wkwebview:
    :path: ".symlinks/plugins/webview_flutter_wkwebview/ios"

SPEC CHECKSUMS:
  audio_session: 4f3e461722055d21515cf3261b64c973c062f345
  Flutter: f04841e97a9d0b0a8025694d0796dd46242b2854
  fluttertoast: 16fbe6039d06a763f3533670197d01fc73459037
  FMDB: 2ce00b547f966261cd18927a3ddb07cb6f3db82a
  just_audio: baa7252489dbcf47a4c7cc9ca663e9661c99aafa
  location: 3a2eed4dd2fab25e7b7baf2a9efefe82b512d740
  path_provider_ios: 14f3d2fd28c4fdb42f44e0f751d12861c43cee02
  shared_preferences_ios: 548a61f8053b9b8a49ac19c1ffbc8b92c50d68ad
  Smartech-iOS-SDK: 717f6dfd8ce4ad9c97f120fec680ad72cba1ebc7
  smartech_appinbox: 3532f82f5b48ef368428384fdb394e16b2d015a3
  smartech_base: 9e2fd9e596518cc7ae850752bfc7abbb7539a8b1
  smartech_push: 264d63abbf0b40ff72ee2dfb24143d4021235b42
  SmartechAppInbox-iOS-SDK: 99f50ab261a87608aeb34001a981c22b940f611c
  SmartPush-iOS-SDK: cbc8e5706835e7377bffe099991c8be208ac4acd
  sqflite: 6d358c025f5b867b29ed92fc697fd34924e11904
  Toast: 91b396c56ee72a5790816f40d3a94dd357abc196
  url_launcher_ios: 839c58cdb4279282219f5e248c3321761ff3c4de
  video_player_avfoundation: e489aac24ef5cf7af82702979ed16f2a5ef84cff
  wakelock: d0fc7c864128eac40eba1617cb5264d9c940b46f
  webview_flutter_wkwebview: b7e70ef1ddded7e69c796c7390ee74180182971f

PODFILE CHECKSUM: 216e8c1800b26f1c4d95ac343b46aecffc83cd00

COCOAPODS: 1.11.3
